
Microsoft Visual Studio Solution File, Format Version 12.00
# Visual Studio Version 17
VisualStudioVersion = 17.3.32819.101
MinimumVisualStudioVersion = 10.0.40219.1
Project("{FAE04EC0-301F-11D3-BF4B-00C04F79EFBC}") = "CountryMVCLab", "CountryMVCLab.csproj", "{B4A782EC-E23D-4E8F-BCEC-BC3B34FE63B8}"
EndProject
Global
	GlobalSection(SolutionConfigurationPlatforms) = preSolution
		Debug|Any CPU = Debug|Any CPU
		Release|Any CPU = Release|Any CPU
	EndGlobalSection
	GlobalSection(ProjectConfigurationPlatforms) = postSolution
		{B4A782EC-E23D-4E8F-BCEC-BC3B34FE63B8}.Debug|Any CPU.ActiveCfg = Debug|Any CPU
		{B4A782EC-E23D-4E8F-BCEC-BC3B34FE63B8}.Debug|Any CPU.Build.0 = Debug|Any CPU
		{B4A782EC-E23D-4E8F-BCEC-BC3B34FE63B8}.Release|Any CPU.ActiveCfg = Release|Any CPU
		{B4A782EC-E23D-4E8F-BCEC-BC3B34FE63B8}.Release|Any CPU.Build.0 = Release|Any CPU
	EndGlobalSection
	GlobalSection(SolutionProperties) = preSolution
		HideSolutionNode = FALSE
	EndGlobalSection
	GlobalSection(ExtensibilityGlobals) = postSolution
		SolutionGuid = {A9E684A0-097A-46BF-9243-72F6B082C790}
	EndGlobalSection
EndGlobal
